
Microsoft Visual Studio Solution File, Format Version 12.00
# Visual Studio Version 16
VisualStudioVersion = 16.0.29613.14
MinimumVisualStudioVersion = 10.0.40219.1
Project("{FAE04EC0-301F-11D3-BF4B-00C04F79EFBC}") = "project", "project\project.csproj", "{E1DDCBA8-74CD-4C9D-B89B-E6F9070DDCB2}"
EndProject
Global
	GlobalSection(SolutionConfigurationPlatforms) = preSolution
		Debug|Any CPU = Debug|Any CPU
		Release|Any CPU = Release|Any CPU
	EndGlobalSection
	GlobalSection(ProjectConfigurationPlatforms) = postSolution
		{E1DDCBA8-74CD-4C9D-B89B-E6F9070DDCB2}.Debug|Any CPU.ActiveCfg = Debug|Any CPU
		{E1DDCBA8-74CD-4C9D-B89B-E6F9070DDCB2}.Debug|Any CPU.Build.0 = Debug|Any CPU
		{E1DDCBA8-74CD-4C9D-B89B-E6F9070DDCB2}.Release|Any CPU.ActiveCfg = Release|Any CPU
		{E1DDCBA8-74CD-4C9D-B89B-E6F9070DDCB2}.Release|Any CPU.Build.0 = Release|Any CPU
	EndGlobalSection
	GlobalSection(SolutionProperties) = preSolution
		HideSolutionNode = FALSE
	EndGlobalSection
	GlobalSection(ExtensibilityGlobals) = postSolution
		SolutionGuid = {95B80A16-9ACB-47B8-91EB-A542348E7E94}
	EndGlobalSection
EndGlobal
